
Microsoft Visual Studio Solution File, Format Version 12.00
# Visual Studio 2012
Project("{FAE04EC0-301F-11D3-BF4B-00C04F79EFBC}") = "Demo", "Demo\Demo.csproj", "{6CA68470-243E-462A-A0DE-CC1B2F6B4AEA}"
EndProject
Global
	GlobalSection(SolutionConfigurationPlatforms) = preSolution
		Debug|Any CPU = Debug|Any CPU
		Release|Any CPU = Release|Any CPU
	EndGlobalSection
	GlobalSection(ProjectConfigurationPlatforms) = postSolution
		{6CA68470-243E-462A-A0DE-CC1B2F6B4AEA}.Debug|Any CPU.ActiveCfg = Debug|Any CPU
		{6CA68470-243E-462A-A0DE-CC1B2F6B4AEA}.Debug|Any CPU.Build.0 = Debug|Any CPU
		{6CA68470-243E-462A-A0DE-CC1B2F6B4AEA}.Release|Any CPU.ActiveCfg = Release|Any CPU
		{6CA68470-243E-462A-A0DE-CC1B2F6B4AEA}.Release|Any CPU.Build.0 = Release|Any CPU
	EndGlobalSection
	GlobalSection(SolutionProperties) = preSolution
		HideSolutionNode = FALSE
	EndGlobalSection
EndGlobal
